
Microsoft Visual Studio Solution File, Format Version 12.00
# Visual Studio Version 17
VisualStudioVersion = 17.12.35527.113
MinimumVisualStudioVersion = 10.0.40219.1
Project("{2150E333-8FDC-42A3-9474-1A3956D46DE8}") = "src", "src", "{AFAA0841-BD93-466F-B8F4-FB4EEC86F1FC}"
EndProject
Project("{9A19103F-16F7-4668-BE54-9A1E7A4F7556}") = "ADTO.DCloud.Core", "src\ADTO.DCloud.Core\ADTO.DCloud.Core.csproj", "{0FA75A5B-AB83-4FD0-B545-279774C01E87}"
EndProject
Project("{9A19103F-16F7-4668-BE54-9A1E7A4F7556}") = "ADTO.DCloud.Application", "src\ADTO.DCloud.Application\ADTO.DCloud.Application.csproj", "{3870C648-4AEA-4B85-BA3F-F2F63B96136A}"
EndProject
Project("{9A19103F-16F7-4668-BE54-9A1E7A4F7556}") = "ADTO.DCloud.Web.Host", "src\ADTO.DCloud.Web.Host\ADTO.DCloud.Web.Host.csproj", "{38E184BD-E874-4633-A947-AED4FDB73F40}"
EndProject
Project("{9A19103F-16F7-4668-BE54-9A1E7A4F7556}") = "ADTO.DCloud.Web.Core", "src\ADTO.DCloud.Web.Core\ADTO.DCloud.Web.Core.csproj", "{22CFE0D2-8DCA-42D7-AD7D-784C3862493F}"
EndProject
Project("{9A19103F-16F7-4668-BE54-9A1E7A4F7556}") = "ADTO.DCloud.EntityFrameworkCore", "src\ADTO.DCloud.EntityFrameworkCore\ADTO.DCloud.EntityFrameworkCore.csproj", "{E0580562-F8F2-4EBB-B07A-ABFC6F2C314F}"
EndProject
Project("{FAE04EC0-301F-11D3-BF4B-00C04F79EFBC}") = "ADTO.AuthServer", "src\ADTO.AuthServer\ADTO.AuthServer.csproj", "{3E979BFD-49F9-92C7-7658-53DD389F814D}"
EndProject
Project("{FAE04EC0-301F-11D3-BF4B-00C04F79EFBC}") = "ADTO.DCloud.Migrator", "src\ADTO.DCloud.Migrator\ADTO.DCloud.Migrator.csproj", "{96158A96-57DF-20D6-6A6F-1BC76B86593A}"
EndProject
Project("{2150E333-8FDC-42A3-9474-1A3956D46DE8}") = "framework", "framework", "{02EA681E-C7D8-13C7-8484-4AC65E1B71E8}"
EndProject
Project("{FAE04EC0-301F-11D3-BF4B-00C04F79EFBC}") = "ADTOSharp", "..\framework\src\ADTOSharp\ADTOSharp.csproj", "{130CA8BB-2A2F-BF2D-8541-A72A503905B9}"
EndProject
Project("{FAE04EC0-301F-11D3-BF4B-00C04F79EFBC}") = "ADTOSharp.Castle.Log4Net", "..\framework\src\ADTOSharp.Castle.Log4Net\ADTOSharp.Castle.Log4Net.csproj", "{8F03856A-5951-FD19-3932-31B134710095}"
EndProject
Project("{FAE04EC0-301F-11D3-BF4B-00C04F79EFBC}") = "ADTOSharp.Castle.Serilog", "..\framework\src\ADTOSharp.Castle.Serilog\ADTOSharp.Castle.Serilog.csproj", "{509DCA9C-8CB1-7F37-3F12-7B884BA251AA}"
EndProject
Project("{FAE04EC0-301F-11D3-BF4B-00C04F79EFBC}") = "ADTOSharp.Zero.Common", "..\framework\src\ADTOSharp.Zero.Common\ADTOSharp.Zero.Common.csproj", "{E93EE105-2C6D-015B-0E86-F9C60118445D}"
EndProject
Project("{FAE04EC0-301F-11D3-BF4B-00C04F79EFBC}") = "ADTOSharp.ZeroCore", "..\framework\src\ADTOSharp.ZeroCore\ADTOSharp.ZeroCore.csproj", "{EB4E26A2-1F30-E2B6-7CCD-DDAA696127FD}"
EndProject
Project("{FAE04EC0-301F-11D3-BF4B-00C04F79EFBC}") = "ADTOSharp.AspNetCore", "..\framework\src\ADTOSharp.AspNetCore\ADTOSharp.AspNetCore.csproj", "{D88A0289-CCB3-7BA7-A025-00CBB272DF69}"
EndProject
Project("{FAE04EC0-301F-11D3-BF4B-00C04F79EFBC}") = "ADTOSharp.Web.Common", "..\framework\src\ADTOSharp.Web.Common\ADTOSharp.Web.Common.csproj", "{1AAFD54D-0753-D9E3-3777-2D7E1D85CC47}"
EndProject
Project("{FAE04EC0-301F-11D3-BF4B-00C04F79EFBC}") = "ADTOSharp.AspNetCore.SignalR", "..\framework\src\ADTOSharp.AspNetCore.SignalR\ADTOSharp.AspNetCore.SignalR.csproj", "{DAF6015A-EA16-F9AE-6B81-F56D08491613}"
EndProject
Project("{FAE04EC0-301F-11D3-BF4B-00C04F79EFBC}") = "ADTOSharp.RedisCache", "..\framework\src\ADTOSharp.RedisCache\ADTOSharp.RedisCache.csproj", "{361C1A55-4079-26C1-F979-EB09E4646888}"
EndProject
Project("{FAE04EC0-301F-11D3-BF4B-00C04F79EFBC}") = "ADTO.Swashbuckle", "..\framework\src\ADTO.Swashbuckle\ADTO.Swashbuckle.csproj", "{A338C199-7B39-2B4F-D3D6-E5FF30C48883}"
EndProject
Project("{FAE04EC0-301F-11D3-BF4B-00C04F79EFBC}") = "ADTOSharp.ZeroCore.EntityFrameworkCore", "..\framework\src\ADTOSharp.ZeroCore.EntityFrameworkCore\ADTOSharp.ZeroCore.EntityFrameworkCore.csproj", "{88EC7A63-15AF-8CE4-4579-277C31F87694}"
EndProject
Project("{FAE04EC0-301F-11D3-BF4B-00C04F79EFBC}") = "ADTOSharp.EntityFrameworkCore", "..\framework\src\ADTOSharp.EntityFrameworkCore\ADTOSharp.EntityFrameworkCore.csproj", "{084056F2-37DB-FF58-C46F-87EDDBBFA548}"
EndProject
Project("{FAE04EC0-301F-11D3-BF4B-00C04F79EFBC}") = "ADTOSharp.EntityFramework.Common", "..\framework\src\ADTOSharp.EntityFramework.Common\ADTOSharp.EntityFramework.Common.csproj", "{2927A1D0-027F-98F1-E8FC-CF37F8CBBC4C}"
EndProject
Project("{FAE04EC0-301F-11D3-BF4B-00C04F79EFBC}") = "ADTOSharp.AutoMapper", "..\framework\src\ADTOSharp.AutoMapper\ADTOSharp.AutoMapper.csproj", "{856C386D-AF95-D74B-2330-39BBF20A76E6}"
EndProject
Project("{FAE04EC0-301F-11D3-BF4B-00C04F79EFBC}") = "ADTO.OpenIddict", "..\framework\src\ADTO.OpenIddict\ADTO.OpenIddict.csproj", "{75F5B165-D155-6A8D-7785-578B5FDFBDD0}"
EndProject
Project("{FAE04EC0-301F-11D3-BF4B-00C04F79EFBC}") = "ADTOSharp.MailKit", "..\framework\src\ADTOSharp.MailKit\ADTOSharp.MailKit.csproj", "{6F8BF287-5EC8-9331-269E-69174FCCA079}"
EndProject
Project("{FAE04EC0-301F-11D3-BF4B-00C04F79EFBC}") = "ADTO.OpenIddict.EntityFrameworkCore", "..\framework\src\ADTO.OpenIddict.EntityFrameworkCore\ADTO.OpenIddict.EntityFrameworkCore.csproj", "{ADDE205F-FBEF-CF24-149C-F9E4333B25EF}"
EndProject
Project("{FAE04EC0-301F-11D3-BF4B-00C04F79EFBC}") = "ADTO.AspNetCore.OpenIddict", "..\framework\src\ADTO.AspNetCore.OpenIddict\ADTO.AspNetCore.OpenIddict.csproj", "{EB215FE6-4FB0-D248-156C-FD551D9CACE5}"
EndProject
Project("{FAE04EC0-301F-11D3-BF4B-00C04F79EFBC}") = "ADTO.DistributedLocking.Abstractions", "..\framework\src\ADTO.DistributedLocking.Abstractions\ADTO.DistributedLocking.Abstractions.csproj", "{8D0E8935-FD27-D6A5-B1B4-F60C0FD2D139}"
EndProject
Project("{FAE04EC0-301F-11D3-BF4B-00C04F79EFBC}") = "ADTO.DistributedLocking", "..\framework\src\ADTO.DistributedLocking\ADTO.DistributedLocking.csproj", "{3624E8EF-8AA7-9034-E48B-7D23840939D4}"
EndProject
Project("{FAE04EC0-301F-11D3-BF4B-00C04F79EFBC}") = "ADTOSharp.Snowflakes", "..\framework\src\ADTOSharp.Snowflakes\ADTOSharp.Snowflakes.csproj", "{A2367B6F-1AC0-7BD7-4D37-61AFFD70FF36}"
EndProject
Project("{FAE04EC0-301F-11D3-BF4B-00C04F79EFBC}") = "ADTO.DCloud.RealtimeClientDemo", "..\samples\ADTO.DCloud.RealtimeClientDemo\ADTO.DCloud.RealtimeClientDemo.csproj", "{291EB748-9DF7-A5DA-3863-CC653AC202E4}"
EndProject
Project("{FAE04EC0-301F-11D3-BF4B-00C04F79EFBC}") = "ADTOSharp.AspNetCore.WebSocket", "..\framework\src\ADTOSharp.AspNetCore.WebSocket\ADTOSharp.AspNetCore.WebSocket.csproj", "{8F0A357A-E5A1-4EE0-A259-D3E78AFF8DD7}"
EndProject
Global
	GlobalSection(SolutionConfigurationPlatforms) = preSolution
		Debug|Any CPU = Debug|Any CPU
		Release|Any CPU = Release|Any CPU
	EndGlobalSection
	GlobalSection(ProjectConfigurationPlatforms) = postSolution
		{0FA75A5B-AB83-4FD0-B545-279774C01E87}.Debug|Any CPU.ActiveCfg = Debug|Any CPU
		{0FA75A5B-AB83-4FD0-B545-279774C01E87}.Debug|Any CPU.Build.0 = Debug|Any CPU
		{0FA75A5B-AB83-4FD0-B545-279774C01E87}.Release|Any CPU.ActiveCfg = Release|Any CPU
		{0FA75A5B-AB83-4FD0-B545-279774C01E87}.Release|Any CPU.Build.0 = Release|Any CPU
		{3870C648-4AEA-4B85-BA3F-F2F63B96136A}.Debug|Any CPU.ActiveCfg = Debug|Any CPU
		{3870C648-4AEA-4B85-BA3F-F2F63B96136A}.Debug|Any CPU.Build.0 = Debug|Any CPU
		{3870C648-4AEA-4B85-BA3F-F2F63B96136A}.Release|Any CPU.ActiveCfg = Release|Any CPU
		{3870C648-4AEA-4B85-BA3F-F2F63B96136A}.Release|Any CPU.Build.0 = Release|Any CPU
		{38E184BD-E874-4633-A947-AED4FDB73F40}.Debug|Any CPU.ActiveCfg = Debug|Any CPU
		{38E184BD-E874-4633-A947-AED4FDB73F40}.Debug|Any CPU.Build.0 = Debug|Any CPU
		{38E184BD-E874-4633-A947-AED4FDB73F40}.Release|Any CPU.ActiveCfg = Release|Any CPU
		{38E184BD-E874-4633-A947-AED4FDB73F40}.Release|Any CPU.Build.0 = Release|Any CPU
		{22CFE0D2-8DCA-42D7-AD7D-784C3862493F}.Debug|Any CPU.ActiveCfg = Debug|Any CPU
		{22CFE0D2-8DCA-42D7-AD7D-784C3862493F}.Debug|Any CPU.Build.0 = Debug|Any CPU
		{22CFE0D2-8DCA-42D7-AD7D-784C3862493F}.Release|Any CPU.ActiveCfg = Release|Any CPU
		{22CFE0D2-8DCA-42D7-AD7D-784C3862493F}.Release|Any CPU.Build.0 = Release|Any CPU
		{E0580562-F8F2-4EBB-B07A-ABFC6F2C314F}.Debug|Any CPU.ActiveCfg = Debug|Any CPU
		{E0580562-F8F2-4EBB-B07A-ABFC6F2C314F}.Debug|Any CPU.Build.0 = Debug|Any CPU
		{E0580562-F8F2-4EBB-B07A-ABFC6F2C314F}.Release|Any CPU.ActiveCfg = Release|Any CPU
		{E0580562-F8F2-4EBB-B07A-ABFC6F2C314F}.Release|Any CPU.Build.0 = Release|Any CPU
		{3E979BFD-49F9-92C7-7658-53DD389F814D}.Debug|Any CPU.ActiveCfg = Debug|Any CPU
		{3E979BFD-49F9-92C7-7658-53DD389F814D}.Debug|Any CPU.Build.0 = Debug|Any CPU
		{3E979BFD-49F9-92C7-7658-53DD389F814D}.Release|Any CPU.ActiveCfg = Release|Any CPU
		{3E979BFD-49F9-92C7-7658-53DD389F814D}.Release|Any CPU.Build.0 = Release|Any CPU
		{96158A96-57DF-20D6-6A6F-1BC76B86593A}.Debug|Any CPU.ActiveCfg = Debug|Any CPU
		{96158A96-57DF-20D6-6A6F-1BC76B86593A}.Debug|Any CPU.Build.0 = Debug|Any CPU
		{96158A96-57DF-20D6-6A6F-1BC76B86593A}.Release|Any CPU.ActiveCfg = Release|Any CPU
		{96158A96-57DF-20D6-6A6F-1BC76B86593A}.Release|Any CPU.Build.0 = Release|Any CPU
		{130CA8BB-2A2F-BF2D-8541-A72A503905B9}.Debug|Any CPU.ActiveCfg = Debug|Any CPU
		{130CA8BB-2A2F-BF2D-8541-A72A503905B9}.Debug|Any CPU.Build.0 = Debug|Any CPU
		{130CA8BB-2A2F-BF2D-8541-A72A503905B9}.Release|Any CPU.ActiveCfg = Release|Any CPU
		{130CA8BB-2A2F-BF2D-8541-A72A503905B9}.Release|Any CPU.Build.0 = Release|Any CPU
		{8F03856A-5951-FD19-3932-31B134710095}.Debug|Any CPU.ActiveCfg = Debug|Any CPU
		{8F03856A-5951-FD19-3932-31B134710095}.Debug|Any CPU.Build.0 = Debug|Any CPU
		{8F03856A-5951-FD19-3932-31B134710095}.Release|Any CPU.ActiveCfg = Release|Any CPU
		{8F03856A-5951-FD19-3932-31B134710095}.Release|Any CPU.Build.0 = Release|Any CPU
		{509DCA9C-8CB1-7F37-3F12-7B884BA251AA}.Debug|Any CPU.ActiveCfg = Debug|Any CPU
		{509DCA9C-8CB1-7F37-3F12-7B884BA251AA}.Debug|Any CPU.Build.0 = Debug|Any CPU
		{509DCA9C-8CB1-7F37-3F12-7B884BA251AA}.Release|Any CPU.ActiveCfg = Release|Any CPU
		{509DCA9C-8CB1-7F37-3F12-7B884BA251AA}.Release|Any CPU.Build.0 = Release|Any CPU
		{E93EE105-2C6D-015B-0E86-F9C60118445D}.Debug|Any CPU.ActiveCfg = Debug|Any CPU
		{E93EE105-2C6D-015B-0E86-F9C60118445D}.Debug|Any CPU.Build.0 = Debug|Any CPU
		{E93EE105-2C6D-015B-0E86-F9C60118445D}.Release|Any CPU.ActiveCfg = Release|Any CPU
		{E93EE105-2C6D-015B-0E86-F9C60118445D}.Release|Any CPU.Build.0 = Release|Any CPU
		{EB4E26A2-1F30-E2B6-7CCD-DDAA696127FD}.Debug|Any CPU.ActiveCfg = Debug|Any CPU
		{EB4E26A2-1F30-E2B6-7CCD-DDAA696127FD}.Debug|Any CPU.Build.0 = Debug|Any CPU
		{EB4E26A2-1F30-E2B6-7CCD-DDAA696127FD}.Release|Any CPU.ActiveCfg = Release|Any CPU
		{EB4E26A2-1F30-E2B6-7CCD-DDAA696127FD}.Release|Any CPU.Build.0 = Release|Any CPU
		{D88A0289-CCB3-7BA7-A025-00CBB272DF69}.Debug|Any CPU.ActiveCfg = Debug|Any CPU
		{D88A0289-CCB3-7BA7-A025-00CBB272DF69}.Debug|Any CPU.Build.0 = Debug|Any CPU
		{D88A0289-CCB3-7BA7-A025-00CBB272DF69}.Release|Any CPU.ActiveCfg = Release|Any CPU
		{D88A0289-CCB3-7BA7-A025-00CBB272DF69}.Release|Any CPU.Build.0 = Release|Any CPU
		{1AAFD54D-0753-D9E3-3777-2D7E1D85CC47}.Debug|Any CPU.ActiveCfg = Debug|Any CPU
		{1AAFD54D-0753-D9E3-3777-2D7E1D85CC47}.Debug|Any CPU.Build.0 = Debug|Any CPU
		{1AAFD54D-0753-D9E3-3777-2D7E1D85CC47}.Release|Any CPU.ActiveCfg = Release|Any CPU
		{1AAFD54D-0753-D9E3-3777-2D7E1D85CC47}.Release|Any CPU.Build.0 = Release|Any CPU
		{DAF6015A-EA16-F9AE-6B81-F56D08491613}.Debug|Any CPU.ActiveCfg = Debug|Any CPU
		{DAF6015A-EA16-F9AE-6B81-F56D08491613}.Debug|Any CPU.Build.0 = Debug|Any CPU
		{DAF6015A-EA16-F9AE-6B81-F56D08491613}.Release|Any CPU.ActiveCfg = Release|Any CPU
		{DAF6015A-EA16-F9AE-6B81-F56D08491613}.Release|Any CPU.Build.0 = Release|Any CPU
		{361C1A55-4079-26C1-F979-EB09E4646888}.Debug|Any CPU.ActiveCfg = Debug|Any CPU
		{361C1A55-4079-26C1-F979-EB09E4646888}.Debug|Any CPU.Build.0 = Debug|Any CPU
		{361C1A55-4079-26C1-F979-EB09E4646888}.Release|Any CPU.ActiveCfg = Release|Any CPU
		{361C1A55-4079-26C1-F979-EB09E4646888}.Release|Any CPU.Build.0 = Release|Any CPU
		{A338C199-7B39-2B4F-D3D6-E5FF30C48883}.Debug|Any CPU.ActiveCfg = Debug|Any CPU
		{A338C199-7B39-2B4F-D3D6-E5FF30C48883}.Debug|Any CPU.Build.0 = Debug|Any CPU
		{A338C199-7B39-2B4F-D3D6-E5FF30C48883}.Release|Any CPU.ActiveCfg = Release|Any CPU
		{A338C199-7B39-2B4F-D3D6-E5FF30C48883}.Release|Any CPU.Build.0 = Release|Any CPU
		{88EC7A63-15AF-8CE4-4579-277C31F87694}.Debug|Any CPU.ActiveCfg = Debug|Any CPU
		{88EC7A63-15AF-8CE4-4579-277C31F87694}.Debug|Any CPU.Build.0 = Debug|Any CPU
		{88EC7A63-15AF-8CE4-4579-277C31F87694}.Release|Any CPU.ActiveCfg = Release|Any CPU
		{88EC7A63-15AF-8CE4-4579-277C31F87694}.Release|Any CPU.Build.0 = Release|Any CPU
		{084056F2-37DB-FF58-C46F-87EDDBBFA548}.Debug|Any CPU.ActiveCfg = Debug|Any CPU
		{084056F2-37DB-FF58-C46F-87EDDBBFA548}.Debug|Any CPU.Build.0 = Debug|Any CPU
		{084056F2-37DB-FF58-C46F-87EDDBBFA548}.Release|Any CPU.ActiveCfg = Release|Any CPU
		{084056F2-37DB-FF58-C46F-87EDDBBFA548}.Release|Any CPU.Build.0 = Release|Any CPU
		{2927A1D0-027F-98F1-E8FC-CF37F8CBBC4C}.Debug|Any CPU.ActiveCfg = Debug|Any CPU
		{2927A1D0-027F-98F1-E8FC-CF37F8CBBC4C}.Debug|Any CPU.Build.0 = Debug|Any CPU
		{2927A1D0-027F-98F1-E8FC-CF37F8CBBC4C}.Release|Any CPU.ActiveCfg = Release|Any CPU
		{2927A1D0-027F-98F1-E8FC-CF37F8CBBC4C}.Release|Any CPU.Build.0 = Release|Any CPU
		{856C386D-AF95-D74B-2330-39BBF20A76E6}.Debug|Any CPU.ActiveCfg = Debug|Any CPU
		{856C386D-AF95-D74B-2330-39BBF20A76E6}.Debug|Any CPU.Build.0 = Debug|Any CPU
		{856C386D-AF95-D74B-2330-39BBF20A76E6}.Release|Any CPU.ActiveCfg = Release|Any CPU
		{856C386D-AF95-D74B-2330-39BBF20A76E6}.Release|Any CPU.Build.0 = Release|Any CPU
		{75F5B165-D155-6A8D-7785-578B5FDFBDD0}.Debug|Any CPU.ActiveCfg = Debug|Any CPU
		{75F5B165-D155-6A8D-7785-578B5FDFBDD0}.Debug|Any CPU.Build.0 = Debug|Any CPU
		{75F5B165-D155-6A8D-7785-578B5FDFBDD0}.Release|Any CPU.ActiveCfg = Release|Any CPU
		{75F5B165-D155-6A8D-7785-578B5FDFBDD0}.Release|Any CPU.Build.0 = Release|Any CPU
		{6F8BF287-5EC8-9331-269E-69174FCCA079}.Debug|Any CPU.ActiveCfg = Debug|Any CPU
		{6F8BF287-5EC8-9331-269E-69174FCCA079}.Debug|Any CPU.Build.0 = Debug|Any CPU
		{6F8BF287-5EC8-9331-269E-69174FCCA079}.Release|Any CPU.ActiveCfg = Release|Any CPU
		{6F8BF287-5EC8-9331-269E-69174FCCA079}.Release|Any CPU.Build.0 = Release|Any CPU
		{ADDE205F-FBEF-CF24-149C-F9E4333B25EF}.Debug|Any CPU.ActiveCfg = Debug|Any CPU
		{ADDE205F-FBEF-CF24-149C-F9E4333B25EF}.Debug|Any CPU.Build.0 = Debug|Any CPU
		{ADDE205F-FBEF-CF24-149C-F9E4333B25EF}.Release|Any CPU.ActiveCfg = Release|Any CPU
		{ADDE205F-FBEF-CF24-149C-F9E4333B25EF}.Release|Any CPU.Build.0 = Release|Any CPU
		{EB215FE6-4FB0-D248-156C-FD551D9CACE5}.Debug|Any CPU.ActiveCfg = Debug|Any CPU
		{EB215FE6-4FB0-D248-156C-FD551D9CACE5}.Debug|Any CPU.Build.0 = Debug|Any CPU
		{EB215FE6-4FB0-D248-156C-FD551D9CACE5}.Release|Any CPU.ActiveCfg = Release|Any CPU
		{EB215FE6-4FB0-D248-156C-FD551D9CACE5}.Release|Any CPU.Build.0 = Release|Any CPU
		{8D0E8935-FD27-D6A5-B1B4-F60C0FD2D139}.Debug|Any CPU.ActiveCfg = Debug|Any CPU
		{8D0E8935-FD27-D6A5-B1B4-F60C0FD2D139}.Debug|Any CPU.Build.0 = Debug|Any CPU
		{8D0E8935-FD27-D6A5-B1B4-F60C0FD2D139}.Release|Any CPU.ActiveCfg = Release|Any CPU
		{8D0E8935-FD27-D6A5-B1B4-F60C0FD2D139}.Release|Any CPU.Build.0 = Release|Any CPU
		{3624E8EF-8AA7-9034-E48B-7D23840939D4}.Debug|Any CPU.ActiveCfg = Debug|Any CPU
		{3624E8EF-8AA7-9034-E48B-7D23840939D4}.Debug|Any CPU.Build.0 = Debug|Any CPU
		{3624E8EF-8AA7-9034-E48B-7D23840939D4}.Release|Any CPU.ActiveCfg = Release|Any CPU
		{3624E8EF-8AA7-9034-E48B-7D23840939D4}.Release|Any CPU.Build.0 = Release|Any CPU
		{A2367B6F-1AC0-7BD7-4D37-61AFFD70FF36}.Debug|Any CPU.ActiveCfg = Debug|Any CPU
		{A2367B6F-1AC0-7BD7-4D37-61AFFD70FF36}.Debug|Any CPU.Build.0 = Debug|Any CPU
		{A2367B6F-1AC0-7BD7-4D37-61AFFD70FF36}.Release|Any CPU.ActiveCfg = Release|Any CPU
		{A2367B6F-1AC0-7BD7-4D37-61AFFD70FF36}.Release|Any CPU.Build.0 = Release|Any CPU
		{291EB748-9DF7-A5DA-3863-CC653AC202E4}.Debug|Any CPU.ActiveCfg = Debug|Any CPU
		{291EB748-9DF7-A5DA-3863-CC653AC202E4}.Debug|Any CPU.Build.0 = Debug|Any CPU
		{291EB748-9DF7-A5DA-3863-CC653AC202E4}.Release|Any CPU.ActiveCfg = Release|Any CPU
		{291EB748-9DF7-A5DA-3863-CC653AC202E4}.Release|Any CPU.Build.0 = Release|Any CPU
		{8F0A357A-E5A1-4EE0-A259-D3E78AFF8DD7}.Debug|Any CPU.ActiveCfg = Debug|Any CPU
		{8F0A357A-E5A1-4EE0-A259-D3E78AFF8DD7}.Debug|Any CPU.Build.0 = Debug|Any CPU
		{8F0A357A-E5A1-4EE0-A259-D3E78AFF8DD7}.Release|Any CPU.ActiveCfg = Release|Any CPU
		{8F0A357A-E5A1-4EE0-A259-D3E78AFF8DD7}.Release|Any CPU.Build.0 = Release|Any CPU
	EndGlobalSection
	GlobalSection(SolutionProperties) = preSolution
		HideSolutionNode = FALSE
	EndGlobalSection
	GlobalSection(NestedProjects) = preSolution
		{0FA75A5B-AB83-4FD0-B545-279774C01E87} = {AFAA0841-BD93-466F-B8F4-FB4EEC86F1FC}
		{3870C648-4AEA-4B85-BA3F-F2F63B96136A} = {AFAA0841-BD93-466F-B8F4-FB4EEC86F1FC}
		{38E184BD-E874-4633-A947-AED4FDB73F40} = {AFAA0841-BD93-466F-B8F4-FB4EEC86F1FC}
		{22CFE0D2-8DCA-42D7-AD7D-784C3862493F} = {AFAA0841-BD93-466F-B8F4-FB4EEC86F1FC}
		{E0580562-F8F2-4EBB-B07A-ABFC6F2C314F} = {AFAA0841-BD93-466F-B8F4-FB4EEC86F1FC}
		{3E979BFD-49F9-92C7-7658-53DD389F814D} = {AFAA0841-BD93-466F-B8F4-FB4EEC86F1FC}
		{96158A96-57DF-20D6-6A6F-1BC76B86593A} = {AFAA0841-BD93-466F-B8F4-FB4EEC86F1FC}
		{130CA8BB-2A2F-BF2D-8541-A72A503905B9} = {02EA681E-C7D8-13C7-8484-4AC65E1B71E8}
		{8F03856A-5951-FD19-3932-31B134710095} = {02EA681E-C7D8-13C7-8484-4AC65E1B71E8}
		{509DCA9C-8CB1-7F37-3F12-7B884BA251AA} = {02EA681E-C7D8-13C7-8484-4AC65E1B71E8}
		{E93EE105-2C6D-015B-0E86-F9C60118445D} = {02EA681E-C7D8-13C7-8484-4AC65E1B71E8}
		{EB4E26A2-1F30-E2B6-7CCD-DDAA696127FD} = {02EA681E-C7D8-13C7-8484-4AC65E1B71E8}
		{D88A0289-CCB3-7BA7-A025-00CBB272DF69} = {02EA681E-C7D8-13C7-8484-4AC65E1B71E8}
		{1AAFD54D-0753-D9E3-3777-2D7E1D85CC47} = {02EA681E-C7D8-13C7-8484-4AC65E1B71E8}
		{DAF6015A-EA16-F9AE-6B81-F56D08491613} = {02EA681E-C7D8-13C7-8484-4AC65E1B71E8}
		{361C1A55-4079-26C1-F979-EB09E4646888} = {02EA681E-C7D8-13C7-8484-4AC65E1B71E8}
		{A338C199-7B39-2B4F-D3D6-E5FF30C48883} = {02EA681E-C7D8-13C7-8484-4AC65E1B71E8}
		{88EC7A63-15AF-8CE4-4579-277C31F87694} = {02EA681E-C7D8-13C7-8484-4AC65E1B71E8}
		{084056F2-37DB-FF58-C46F-87EDDBBFA548} = {02EA681E-C7D8-13C7-8484-4AC65E1B71E8}
		{2927A1D0-027F-98F1-E8FC-CF37F8CBBC4C} = {02EA681E-C7D8-13C7-8484-4AC65E1B71E8}
		{856C386D-AF95-D74B-2330-39BBF20A76E6} = {02EA681E-C7D8-13C7-8484-4AC65E1B71E8}
		{75F5B165-D155-6A8D-7785-578B5FDFBDD0} = {02EA681E-C7D8-13C7-8484-4AC65E1B71E8}
		{6F8BF287-5EC8-9331-269E-69174FCCA079} = {02EA681E-C7D8-13C7-8484-4AC65E1B71E8}
		{ADDE205F-FBEF-CF24-149C-F9E4333B25EF} = {02EA681E-C7D8-13C7-8484-4AC65E1B71E8}
		{EB215FE6-4FB0-D248-156C-FD551D9CACE5} = {02EA681E-C7D8-13C7-8484-4AC65E1B71E8}
		{8D0E8935-FD27-D6A5-B1B4-F60C0FD2D139} = {02EA681E-C7D8-13C7-8484-4AC65E1B71E8}
		{3624E8EF-8AA7-9034-E48B-7D23840939D4} = {02EA681E-C7D8-13C7-8484-4AC65E1B71E8}
		{A2367B6F-1AC0-7BD7-4D37-61AFFD70FF36} = {02EA681E-C7D8-13C7-8484-4AC65E1B71E8}
		{291EB748-9DF7-A5DA-3863-CC653AC202E4} = {AFAA0841-BD93-466F-B8F4-FB4EEC86F1FC}
		{8F0A357A-E5A1-4EE0-A259-D3E78AFF8DD7} = {02EA681E-C7D8-13C7-8484-4AC65E1B71E8}
	EndGlobalSection
	GlobalSection(ExtensibilityGlobals) = postSolution
		SolutionGuid = {9A55C749-0BFF-4EFD-8499-12A2CB3B5B07}
	EndGlobalSection
EndGlobal
