Microsoft Visual Studio Solution File, Format Version 12.00
# Visual Studio Version 17
VisualStudioVersion = 17.3.32804.467
MinimumVisualStudioVersion = 10.0.40219.1
Project("{2150E333-8FDC-42A3-9474-1A3956D46DE8}") = "src", "src", "{DFF0464B-5402-4DD6-86F5-2AEC1163B232}"
EndProject
Project("{9A19103F-16F7-4668-BE54-9A1E7A4F7556}") = "ADTOSharp", "src\ADTOSharp\ADTOSharp.csproj", "{486C8629-0E65-47E9-9BA4-8180E682C1F8}"
EndProject
Project("{9A19103F-16F7-4668-BE54-9A1E7A4F7556}") = "ADTOSharp.AutoMapper", "src\ADTOSharp.AutoMapper\ADTOSharp.AutoMapper.csproj", "{D792EF2A-63EB-460B-8FB7-8D6DDDAB4604}"
EndProject
Project("{9A19103F-16F7-4668-BE54-9A1E7A4F7556}") = "ADTOSharp.HangFire", "src\ADTOSharp.HangFire\ADTOSharp.HangFire.csproj", "{BDF77DF1-C10B-4358-9BAA-22860DC7A0A9}"
EndProject
Project("{9A19103F-16F7-4668-BE54-9A1E7A4F7556}") = "ADTOSharp.RedisCache", "src\ADTOSharp.RedisCache\ADTOSharp.RedisCache.csproj", "{0DBA5587-9ECE-4E86-B798-FCF28A130A0F}"
EndProject
Project("{9A19103F-16F7-4668-BE54-9A1E7A4F7556}") = "ADTOSharp.AspNetCore", "src\ADTOSharp.AspNetCore\ADTOSharp.AspNetCore.csproj", "{7391E502-1385-4DE4-BD0F-9BD2A9ECC6D9}"
EndProject
Project("{9A19103F-16F7-4668-BE54-9A1E7A4F7556}") = "ADTOSharp.Web.Common", "src\ADTOSharp.Web.Common\ADTOSharp.Web.Common.csproj", "{883F1591-5B8E-4D5D-85DE-ED96069F2A13}"
EndProject
Project("{9A19103F-16F7-4668-BE54-9A1E7A4F7556}") = "ADTOSharp.EntityFrameworkCore", "src\ADTOSharp.EntityFrameworkCore\ADTOSharp.EntityFrameworkCore.csproj", "{E4D541BF-CD9B-4CE0-AAA7-ED87E99EC9BD}"
EndProject
Project("{9A19103F-16F7-4668-BE54-9A1E7A4F7556}") = "ADTOSharp.EntityFramework.Common", "src\ADTOSharp.EntityFramework.Common\ADTOSharp.EntityFramework.Common.csproj", "{A776FDCE-FDD0-46AF-B2AE-55CF7D3315FF}"
EndProject
Project("{9A19103F-16F7-4668-BE54-9A1E7A4F7556}") = "ADTOSharp.Castle.Log4Net", "src\ADTOSharp.Castle.Log4Net\ADTOSharp.Castle.Log4Net.csproj", "{FB797CC0-A394-4977-86B0-47F16672DDE8}"
EndProject
Project("{9A19103F-16F7-4668-BE54-9A1E7A4F7556}") = "ADTOSharp.Quartz", "src\ADTOSharp.Quartz\ADTOSharp.Quartz.csproj", "{F90B1606-F375-4C84-9118-AB0C1DDEB0DF}"
EndProject
Project("{9A19103F-16F7-4668-BE54-9A1E7A4F7556}") = "ADTOSharp.RedisCache.ProtoBuf", "src\ADTOSharp.RedisCache.ProtoBuf\ADTOSharp.RedisCache.ProtoBuf.csproj", "{DA281194-390E-40E4-861B-A034CD6943B7}"
EndProject
Project("{9A19103F-16F7-4668-BE54-9A1E7A4F7556}") = "ADTOSharp.Dapper", "src\ADTOSharp.Dapper\ADTOSharp.Dapper.csproj", "{43442BE2-6533-4B91-809C-78C79A0BE67B}"
EndProject
Project("{9A19103F-16F7-4668-BE54-9A1E7A4F7556}") = "ADTOSharp.HangFire.AspNetCore", "src\ADTOSharp.HangFire.AspNetCore\ADTOSharp.HangFire.AspNetCore.csproj", "{1CC8525B-3F36-4ED0-BD5A-18DCEA19167E}"
EndProject
Project("{9A19103F-16F7-4668-BE54-9A1E7A4F7556}") = "ADTOSharp.MailKit", "src\ADTOSharp.MailKit\ADTOSharp.MailKit.csproj", "{84A0E5BB-A09E-4C7A-B250-E8E1833337D4}"
EndProject
Project("{9A19103F-16F7-4668-BE54-9A1E7A4F7556}") = "ADTOSharp.Zero.Common", "src\ADTOSharp.Zero.Common\ADTOSharp.Zero.Common.csproj", "{9CFDFE77-85B0-45C1-81BD-82E5C94963FC}"
EndProject
Project("{9A19103F-16F7-4668-BE54-9A1E7A4F7556}") = "ADTOSharp.ZeroCore", "src\ADTOSharp.ZeroCore\ADTOSharp.ZeroCore.csproj", "{CBA2FACD-067A-420D-B44E-5515096845E1}"
EndProject
Project("{9A19103F-16F7-4668-BE54-9A1E7A4F7556}") = "ADTOSharp.ZeroCore.EntityFrameworkCore", "src\ADTOSharp.ZeroCore.EntityFrameworkCore\ADTOSharp.ZeroCore.EntityFrameworkCore.csproj", "{6165D0BF-77A2-4E72-9D6B-709515F71208}"
EndProject
Project("{9A19103F-16F7-4668-BE54-9A1E7A4F7556}") = "ADTOSharp.AspNetCore.SignalR", "src\ADTOSharp.AspNetCore.SignalR\ADTOSharp.AspNetCore.SignalR.csproj", "{4530442B-8E27-4285-A491-7FAAFAC3D4F2}"
EndProject
Project("{9A19103F-16F7-4668-BE54-9A1E7A4F7556}") = "ADTOSharp.AspNetCore.PerRequestRedisCache", "src\ADTOSharp.AspNetCore.PerRequestRedisCache\ADTOSharp.AspNetCore.PerRequestRedisCache.csproj", "{DE3D4F5B-70A2-488B-A478-2C73FFE36D46}"
EndProject
Project("{9A19103F-16F7-4668-BE54-9A1E7A4F7556}") = "ADTOSharp.HtmlSanitizer", "src\ADTOSharp.HtmlSanitizer\ADTOSharp.HtmlSanitizer.csproj", "{BC2B3FA8-40D1-49AF-AD73-703A163F1BAD}"
EndProject
Project("{9A19103F-16F7-4668-BE54-9A1E7A4F7556}") = "ADTOSharp.BlobStoring", "src\ADTOSharp.BlobStoring\ADTOSharp.BlobStoring.csproj", "{0A5E11F6-02FC-4244-90C2-888209506694}"
EndProject
Project("{9A19103F-16F7-4668-BE54-9A1E7A4F7556}") = "ADTOSharp.BlobStoring.FileSystem", "src\ADTOSharp.BlobStoring.FileSystem\ADTOSharp.BlobStoring.FileSystem.csproj", "{31BCFB0E-8930-49DE-9587-DA83B3968CFB}"
EndProject
Project("{FAE04EC0-301F-11D3-BF4B-00C04F79EFBC}") = "ADTOSharp.Snowflakes", "src\ADTOSharp.Snowflakes\ADTOSharp.Snowflakes.csproj", "{C149BD62-6156-4E22-BEAE-4555AA3309BF}"
EndProject
Project("{FAE04EC0-301F-11D3-BF4B-00C04F79EFBC}") = "ADTOSharp.Castle.Serilog", "src\ADTOSharp.Castle.Serilog\ADTOSharp.Castle.Serilog.csproj", "{4A55471D-828C-4D36-9264-DE1CECA41925}"
EndProject
Project("{FAE04EC0-301F-11D3-BF4B-00C04F79EFBC}") = "ADTO.AspNetCore.OpenIddict", "src\ADTO.AspNetCore.OpenIddict\ADTO.AspNetCore.OpenIddict.csproj", "{A0C3E133-24AB-5EBA-EFB6-2C77C99EFB74}"
EndProject
Project("{FAE04EC0-301F-11D3-BF4B-00C04F79EFBC}") = "ADTO.OpenIddict", "src\ADTO.OpenIddict\ADTO.OpenIddict.csproj", "{ABDD093F-C805-EBFF-E23B-793B48CB125E}"
EndProject
Project("{FAE04EC0-301F-11D3-BF4B-00C04F79EFBC}") = "ADTO.OpenIddict.EntityFrameworkCore", "src\ADTO.OpenIddict.EntityFrameworkCore\ADTO.OpenIddict.EntityFrameworkCore.csproj", "{2AF03BDC-80CB-2DEB-870E-8831287125ED}"
EndProject
Project("{FAE04EC0-301F-11D3-BF4B-00C04F79EFBC}") = "ADTO.ObjectExtending", "src\ADTO.ObjectExtending\ADTO.ObjectExtending.csproj", "{F9F8C3A5-589C-2A98-D380-D183F5F8C3F6}"
EndProject
Project("{FAE04EC0-301F-11D3-BF4B-00C04F79EFBC}") = "ADTO.Swashbuckle", "src\ADTO.Swashbuckle\ADTO.Swashbuckle.csproj", "{EF8BEE7C-00A5-8387-4169-F97DA8B44B98}"
EndProject
Project("{FAE04EC0-301F-11D3-BF4B-00C04F79EFBC}") = "ADTO.DistributedLocking", "src\ADTO.DistributedLocking\ADTO.DistributedLocking.csproj", "{B1928305-050E-8158-272C-BC96286D4869}"
EndProject
Project("{FAE04EC0-301F-11D3-BF4B-00C04F79EFBC}") = "ADTO.DistributedLocking.Abstractions", "src\ADTO.DistributedLocking.Abstractions\ADTO.DistributedLocking.Abstractions.csproj", "{491FAA96-7D1D-ACA7-9BAF-4DFEF42063C3}"
EndProject
Project("{FAE04EC0-301F-11D3-BF4B-00C04F79EFBC}") = "ADTO.ApiVersioning.Abstractions", "src\ADTO.ApiVersioning.Abstractions\ADTO.ApiVersioning.Abstractions.csproj", "{B2EB6834-13F2-2125-05B1-1084BCBC7BDA}"
EndProject
Global
	GlobalSection(SolutionConfigurationPlatforms) = preSolution
		Debug|Any CPU = Debug|Any CPU
		Release|Any CPU = Release|Any CPU
	EndGlobalSection
	GlobalSection(ProjectConfigurationPlatforms) = postSolution
		{486C8629-0E65-47E9-9BA4-8180E682C1F8}.Debug|Any CPU.ActiveCfg = Debug|Any CPU
		{486C8629-0E65-47E9-9BA4-8180E682C1F8}.Debug|Any CPU.Build.0 = Debug|Any CPU
		{486C8629-0E65-47E9-9BA4-8180E682C1F8}.Release|Any CPU.ActiveCfg = Release|Any CPU
		{486C8629-0E65-47E9-9BA4-8180E682C1F8}.Release|Any CPU.Build.0 = Release|Any CPU
		{D792EF2A-63EB-460B-8FB7-8D6DDDAB4604}.Debug|Any CPU.ActiveCfg = Debug|Any CPU
		{D792EF2A-63EB-460B-8FB7-8D6DDDAB4604}.Debug|Any CPU.Build.0 = Debug|Any CPU
		{D792EF2A-63EB-460B-8FB7-8D6DDDAB4604}.Release|Any CPU.ActiveCfg = Release|Any CPU
		{D792EF2A-63EB-460B-8FB7-8D6DDDAB4604}.Release|Any CPU.Build.0 = Release|Any CPU
		{BDF77DF1-C10B-4358-9BAA-22860DC7A0A9}.Debug|Any CPU.ActiveCfg = Debug|Any CPU
		{BDF77DF1-C10B-4358-9BAA-22860DC7A0A9}.Debug|Any CPU.Build.0 = Debug|Any CPU
		{BDF77DF1-C10B-4358-9BAA-22860DC7A0A9}.Release|Any CPU.ActiveCfg = Release|Any CPU
		{BDF77DF1-C10B-4358-9BAA-22860DC7A0A9}.Release|Any CPU.Build.0 = Release|Any CPU
		{0DBA5587-9ECE-4E86-B798-FCF28A130A0F}.Debug|Any CPU.ActiveCfg = Debug|Any CPU
		{0DBA5587-9ECE-4E86-B798-FCF28A130A0F}.Debug|Any CPU.Build.0 = Debug|Any CPU
		{0DBA5587-9ECE-4E86-B798-FCF28A130A0F}.Release|Any CPU.ActiveCfg = Release|Any CPU
		{0DBA5587-9ECE-4E86-B798-FCF28A130A0F}.Release|Any CPU.Build.0 = Release|Any CPU
		{7391E502-1385-4DE4-BD0F-9BD2A9ECC6D9}.Debug|Any CPU.ActiveCfg = Debug|Any CPU
		{7391E502-1385-4DE4-BD0F-9BD2A9ECC6D9}.Debug|Any CPU.Build.0 = Debug|Any CPU
		{7391E502-1385-4DE4-BD0F-9BD2A9ECC6D9}.Release|Any CPU.ActiveCfg = Release|Any CPU
		{7391E502-1385-4DE4-BD0F-9BD2A9ECC6D9}.Release|Any CPU.Build.0 = Release|Any CPU
		{883F1591-5B8E-4D5D-85DE-ED96069F2A13}.Debug|Any CPU.ActiveCfg = Debug|Any CPU
		{883F1591-5B8E-4D5D-85DE-ED96069F2A13}.Debug|Any CPU.Build.0 = Debug|Any CPU
		{883F1591-5B8E-4D5D-85DE-ED96069F2A13}.Release|Any CPU.ActiveCfg = Release|Any CPU
		{883F1591-5B8E-4D5D-85DE-ED96069F2A13}.Release|Any CPU.Build.0 = Release|Any CPU
		{E4D541BF-CD9B-4CE0-AAA7-ED87E99EC9BD}.Debug|Any CPU.ActiveCfg = Debug|Any CPU
		{E4D541BF-CD9B-4CE0-AAA7-ED87E99EC9BD}.Debug|Any CPU.Build.0 = Debug|Any CPU
		{E4D541BF-CD9B-4CE0-AAA7-ED87E99EC9BD}.Release|Any CPU.ActiveCfg = Release|Any CPU
		{E4D541BF-CD9B-4CE0-AAA7-ED87E99EC9BD}.Release|Any CPU.Build.0 = Release|Any CPU
		{A776FDCE-FDD0-46AF-B2AE-55CF7D3315FF}.Debug|Any CPU.ActiveCfg = Debug|Any CPU
		{A776FDCE-FDD0-46AF-B2AE-55CF7D3315FF}.Debug|Any CPU.Build.0 = Debug|Any CPU
		{A776FDCE-FDD0-46AF-B2AE-55CF7D3315FF}.Release|Any CPU.ActiveCfg = Release|Any CPU
		{A776FDCE-FDD0-46AF-B2AE-55CF7D3315FF}.Release|Any CPU.Build.0 = Release|Any CPU
		{FB797CC0-A394-4977-86B0-47F16672DDE8}.Debug|Any CPU.ActiveCfg = Debug|Any CPU
		{FB797CC0-A394-4977-86B0-47F16672DDE8}.Debug|Any CPU.Build.0 = Debug|Any CPU
		{FB797CC0-A394-4977-86B0-47F16672DDE8}.Release|Any CPU.ActiveCfg = Release|Any CPU
		{FB797CC0-A394-4977-86B0-47F16672DDE8}.Release|Any CPU.Build.0 = Release|Any CPU
		{F90B1606-F375-4C84-9118-AB0C1DDEB0DF}.Debug|Any CPU.ActiveCfg = Debug|Any CPU
		{F90B1606-F375-4C84-9118-AB0C1DDEB0DF}.Debug|Any CPU.Build.0 = Debug|Any CPU
		{F90B1606-F375-4C84-9118-AB0C1DDEB0DF}.Release|Any CPU.ActiveCfg = Release|Any CPU
		{F90B1606-F375-4C84-9118-AB0C1DDEB0DF}.Release|Any CPU.Build.0 = Release|Any CPU
		{DA281194-390E-40E4-861B-A034CD6943B7}.Debug|Any CPU.ActiveCfg = Debug|Any CPU
		{DA281194-390E-40E4-861B-A034CD6943B7}.Debug|Any CPU.Build.0 = Debug|Any CPU
		{DA281194-390E-40E4-861B-A034CD6943B7}.Release|Any CPU.ActiveCfg = Release|Any CPU
		{DA281194-390E-40E4-861B-A034CD6943B7}.Release|Any CPU.Build.0 = Release|Any CPU
		{43442BE2-6533-4B91-809C-78C79A0BE67B}.Debug|Any CPU.ActiveCfg = Debug|Any CPU
		{43442BE2-6533-4B91-809C-78C79A0BE67B}.Debug|Any CPU.Build.0 = Debug|Any CPU
		{43442BE2-6533-4B91-809C-78C79A0BE67B}.Release|Any CPU.ActiveCfg = Release|Any CPU
		{43442BE2-6533-4B91-809C-78C79A0BE67B}.Release|Any CPU.Build.0 = Release|Any CPU
		{1CC8525B-3F36-4ED0-BD5A-18DCEA19167E}.Debug|Any CPU.ActiveCfg = Debug|Any CPU
		{1CC8525B-3F36-4ED0-BD5A-18DCEA19167E}.Debug|Any CPU.Build.0 = Debug|Any CPU
		{1CC8525B-3F36-4ED0-BD5A-18DCEA19167E}.Release|Any CPU.ActiveCfg = Release|Any CPU
		{1CC8525B-3F36-4ED0-BD5A-18DCEA19167E}.Release|Any CPU.Build.0 = Release|Any CPU
		{84A0E5BB-A09E-4C7A-B250-E8E1833337D4}.Debug|Any CPU.ActiveCfg = Debug|Any CPU
		{84A0E5BB-A09E-4C7A-B250-E8E1833337D4}.Debug|Any CPU.Build.0 = Debug|Any CPU
		{84A0E5BB-A09E-4C7A-B250-E8E1833337D4}.Release|Any CPU.ActiveCfg = Release|Any CPU
		{84A0E5BB-A09E-4C7A-B250-E8E1833337D4}.Release|Any CPU.Build.0 = Release|Any CPU
		{9CFDFE77-85B0-45C1-81BD-82E5C94963FC}.Debug|Any CPU.ActiveCfg = Debug|Any CPU
		{9CFDFE77-85B0-45C1-81BD-82E5C94963FC}.Debug|Any CPU.Build.0 = Debug|Any CPU
		{9CFDFE77-85B0-45C1-81BD-82E5C94963FC}.Release|Any CPU.ActiveCfg = Release|Any CPU
		{9CFDFE77-85B0-45C1-81BD-82E5C94963FC}.Release|Any CPU.Build.0 = Release|Any CPU
		{CBA2FACD-067A-420D-B44E-5515096845E1}.Debug|Any CPU.ActiveCfg = Debug|Any CPU
		{CBA2FACD-067A-420D-B44E-5515096845E1}.Debug|Any CPU.Build.0 = Debug|Any CPU
		{CBA2FACD-067A-420D-B44E-5515096845E1}.Release|Any CPU.ActiveCfg = Release|Any CPU
		{CBA2FACD-067A-420D-B44E-5515096845E1}.Release|Any CPU.Build.0 = Release|Any CPU
		{6165D0BF-77A2-4E72-9D6B-709515F71208}.Debug|Any CPU.ActiveCfg = Debug|Any CPU
		{6165D0BF-77A2-4E72-9D6B-709515F71208}.Debug|Any CPU.Build.0 = Debug|Any CPU
		{6165D0BF-77A2-4E72-9D6B-709515F71208}.Release|Any CPU.ActiveCfg = Release|Any CPU
		{6165D0BF-77A2-4E72-9D6B-709515F71208}.Release|Any CPU.Build.0 = Release|Any CPU
		{4530442B-8E27-4285-A491-7FAAFAC3D4F2}.Debug|Any CPU.ActiveCfg = Debug|Any CPU
		{4530442B-8E27-4285-A491-7FAAFAC3D4F2}.Debug|Any CPU.Build.0 = Debug|Any CPU
		{4530442B-8E27-4285-A491-7FAAFAC3D4F2}.Release|Any CPU.ActiveCfg = Release|Any CPU
		{4530442B-8E27-4285-A491-7FAAFAC3D4F2}.Release|Any CPU.Build.0 = Release|Any CPU
		{DE3D4F5B-70A2-488B-A478-2C73FFE36D46}.Debug|Any CPU.ActiveCfg = Debug|Any CPU
		{DE3D4F5B-70A2-488B-A478-2C73FFE36D46}.Debug|Any CPU.Build.0 = Debug|Any CPU
		{DE3D4F5B-70A2-488B-A478-2C73FFE36D46}.Release|Any CPU.ActiveCfg = Release|Any CPU
		{DE3D4F5B-70A2-488B-A478-2C73FFE36D46}.Release|Any CPU.Build.0 = Release|Any CPU
		{BC2B3FA8-40D1-49AF-AD73-703A163F1BAD}.Debug|Any CPU.ActiveCfg = Debug|Any CPU
		{BC2B3FA8-40D1-49AF-AD73-703A163F1BAD}.Debug|Any CPU.Build.0 = Debug|Any CPU
		{BC2B3FA8-40D1-49AF-AD73-703A163F1BAD}.Release|Any CPU.ActiveCfg = Release|Any CPU
		{BC2B3FA8-40D1-49AF-AD73-703A163F1BAD}.Release|Any CPU.Build.0 = Release|Any CPU
		{0A5E11F6-02FC-4244-90C2-888209506694}.Debug|Any CPU.ActiveCfg = Debug|Any CPU
		{0A5E11F6-02FC-4244-90C2-888209506694}.Debug|Any CPU.Build.0 = Debug|Any CPU
		{0A5E11F6-02FC-4244-90C2-888209506694}.Release|Any CPU.ActiveCfg = Release|Any CPU
		{0A5E11F6-02FC-4244-90C2-888209506694}.Release|Any CPU.Build.0 = Release|Any CPU
		{31BCFB0E-8930-49DE-9587-DA83B3968CFB}.Debug|Any CPU.ActiveCfg = Debug|Any CPU
		{31BCFB0E-8930-49DE-9587-DA83B3968CFB}.Debug|Any CPU.Build.0 = Debug|Any CPU
		{31BCFB0E-8930-49DE-9587-DA83B3968CFB}.Release|Any CPU.ActiveCfg = Release|Any CPU
		{31BCFB0E-8930-49DE-9587-DA83B3968CFB}.Release|Any CPU.Build.0 = Release|Any CPU
		{C149BD62-6156-4E22-BEAE-4555AA3309BF}.Debug|Any CPU.ActiveCfg = Debug|Any CPU
		{C149BD62-6156-4E22-BEAE-4555AA3309BF}.Debug|Any CPU.Build.0 = Debug|Any CPU
		{C149BD62-6156-4E22-BEAE-4555AA3309BF}.Release|Any CPU.ActiveCfg = Release|Any CPU
		{C149BD62-6156-4E22-BEAE-4555AA3309BF}.Release|Any CPU.Build.0 = Release|Any CPU
		{4A55471D-828C-4D36-9264-DE1CECA41925}.Debug|Any CPU.ActiveCfg = Debug|Any CPU
		{4A55471D-828C-4D36-9264-DE1CECA41925}.Debug|Any CPU.Build.0 = Debug|Any CPU
		{4A55471D-828C-4D36-9264-DE1CECA41925}.Release|Any CPU.ActiveCfg = Release|Any CPU
		{4A55471D-828C-4D36-9264-DE1CECA41925}.Release|Any CPU.Build.0 = Release|Any CPU
		{A0C3E133-24AB-5EBA-EFB6-2C77C99EFB74}.Debug|Any CPU.ActiveCfg = Debug|Any CPU
		{A0C3E133-24AB-5EBA-EFB6-2C77C99EFB74}.Debug|Any CPU.Build.0 = Debug|Any CPU
		{A0C3E133-24AB-5EBA-EFB6-2C77C99EFB74}.Release|Any CPU.ActiveCfg = Release|Any CPU
		{A0C3E133-24AB-5EBA-EFB6-2C77C99EFB74}.Release|Any CPU.Build.0 = Release|Any CPU
		{ABDD093F-C805-EBFF-E23B-793B48CB125E}.Debug|Any CPU.ActiveCfg = Debug|Any CPU
		{ABDD093F-C805-EBFF-E23B-793B48CB125E}.Debug|Any CPU.Build.0 = Debug|Any CPU
		{ABDD093F-C805-EBFF-E23B-793B48CB125E}.Release|Any CPU.ActiveCfg = Release|Any CPU
		{ABDD093F-C805-EBFF-E23B-793B48CB125E}.Release|Any CPU.Build.0 = Release|Any CPU
		{2AF03BDC-80CB-2DEB-870E-8831287125ED}.Debug|Any CPU.ActiveCfg = Debug|Any CPU
		{2AF03BDC-80CB-2DEB-870E-8831287125ED}.Debug|Any CPU.Build.0 = Debug|Any CPU
		{2AF03BDC-80CB-2DEB-870E-8831287125ED}.Release|Any CPU.ActiveCfg = Release|Any CPU
		{2AF03BDC-80CB-2DEB-870E-8831287125ED}.Release|Any CPU.Build.0 = Release|Any CPU
		{F9F8C3A5-589C-2A98-D380-D183F5F8C3F6}.Debug|Any CPU.ActiveCfg = Debug|Any CPU
		{F9F8C3A5-589C-2A98-D380-D183F5F8C3F6}.Debug|Any CPU.Build.0 = Debug|Any CPU
		{F9F8C3A5-589C-2A98-D380-D183F5F8C3F6}.Release|Any CPU.ActiveCfg = Release|Any CPU
		{F9F8C3A5-589C-2A98-D380-D183F5F8C3F6}.Release|Any CPU.Build.0 = Release|Any CPU
		{EF8BEE7C-00A5-8387-4169-F97DA8B44B98}.Debug|Any CPU.ActiveCfg = Debug|Any CPU
		{EF8BEE7C-00A5-8387-4169-F97DA8B44B98}.Debug|Any CPU.Build.0 = Debug|Any CPU
		{EF8BEE7C-00A5-8387-4169-F97DA8B44B98}.Release|Any CPU.ActiveCfg = Release|Any CPU
		{EF8BEE7C-00A5-8387-4169-F97DA8B44B98}.Release|Any CPU.Build.0 = Release|Any CPU
		{B1928305-050E-8158-272C-BC96286D4869}.Debug|Any CPU.ActiveCfg = Debug|Any CPU
		{B1928305-050E-8158-272C-BC96286D4869}.Debug|Any CPU.Build.0 = Debug|Any CPU
		{B1928305-050E-8158-272C-BC96286D4869}.Release|Any CPU.ActiveCfg = Release|Any CPU
		{B1928305-050E-8158-272C-BC96286D4869}.Release|Any CPU.Build.0 = Release|Any CPU
		{491FAA96-7D1D-ACA7-9BAF-4DFEF42063C3}.Debug|Any CPU.ActiveCfg = Debug|Any CPU
		{491FAA96-7D1D-ACA7-9BAF-4DFEF42063C3}.Debug|Any CPU.Build.0 = Debug|Any CPU
		{491FAA96-7D1D-ACA7-9BAF-4DFEF42063C3}.Release|Any CPU.ActiveCfg = Release|Any CPU
		{491FAA96-7D1D-ACA7-9BAF-4DFEF42063C3}.Release|Any CPU.Build.0 = Release|Any CPU
		{B2EB6834-13F2-2125-05B1-1084BCBC7BDA}.Debug|Any CPU.ActiveCfg = Debug|Any CPU
		{B2EB6834-13F2-2125-05B1-1084BCBC7BDA}.Debug|Any CPU.Build.0 = Debug|Any CPU
		{B2EB6834-13F2-2125-05B1-1084BCBC7BDA}.Release|Any CPU.ActiveCfg = Release|Any CPU
		{B2EB6834-13F2-2125-05B1-1084BCBC7BDA}.Release|Any CPU.Build.0 = Release|Any CPU
	EndGlobalSection
	GlobalSection(SolutionProperties) = preSolution
		HideSolutionNode = FALSE
	EndGlobalSection
	GlobalSection(NestedProjects) = preSolution
		{486C8629-0E65-47E9-9BA4-8180E682C1F8} = {DFF0464B-5402-4DD6-86F5-2AEC1163B232}
		{D792EF2A-63EB-460B-8FB7-8D6DDDAB4604} = {DFF0464B-5402-4DD6-86F5-2AEC1163B232}
		{BDF77DF1-C10B-4358-9BAA-22860DC7A0A9} = {DFF0464B-5402-4DD6-86F5-2AEC1163B232}
		{0DBA5587-9ECE-4E86-B798-FCF28A130A0F} = {DFF0464B-5402-4DD6-86F5-2AEC1163B232}
		{7391E502-1385-4DE4-BD0F-9BD2A9ECC6D9} = {DFF0464B-5402-4DD6-86F5-2AEC1163B232}
		{883F1591-5B8E-4D5D-85DE-ED96069F2A13} = {DFF0464B-5402-4DD6-86F5-2AEC1163B232}
		{E4D541BF-CD9B-4CE0-AAA7-ED87E99EC9BD} = {DFF0464B-5402-4DD6-86F5-2AEC1163B232}
		{A776FDCE-FDD0-46AF-B2AE-55CF7D3315FF} = {DFF0464B-5402-4DD6-86F5-2AEC1163B232}
		{FB797CC0-A394-4977-86B0-47F16672DDE8} = {DFF0464B-5402-4DD6-86F5-2AEC1163B232}
		{F90B1606-F375-4C84-9118-AB0C1DDEB0DF} = {DFF0464B-5402-4DD6-86F5-2AEC1163B232}
		{DA281194-390E-40E4-861B-A034CD6943B7} = {DFF0464B-5402-4DD6-86F5-2AEC1163B232}
		{43442BE2-6533-4B91-809C-78C79A0BE67B} = {DFF0464B-5402-4DD6-86F5-2AEC1163B232}
		{1CC8525B-3F36-4ED0-BD5A-18DCEA19167E} = {DFF0464B-5402-4DD6-86F5-2AEC1163B232}
		{84A0E5BB-A09E-4C7A-B250-E8E1833337D4} = {DFF0464B-5402-4DD6-86F5-2AEC1163B232}
		{9CFDFE77-85B0-45C1-81BD-82E5C94963FC} = {DFF0464B-5402-4DD6-86F5-2AEC1163B232}
		{CBA2FACD-067A-420D-B44E-5515096845E1} = {DFF0464B-5402-4DD6-86F5-2AEC1163B232}
		{6165D0BF-77A2-4E72-9D6B-709515F71208} = {DFF0464B-5402-4DD6-86F5-2AEC1163B232}
		{4530442B-8E27-4285-A491-7FAAFAC3D4F2} = {DFF0464B-5402-4DD6-86F5-2AEC1163B232}
		{DE3D4F5B-70A2-488B-A478-2C73FFE36D46} = {DFF0464B-5402-4DD6-86F5-2AEC1163B232}
		{BC2B3FA8-40D1-49AF-AD73-703A163F1BAD} = {DFF0464B-5402-4DD6-86F5-2AEC1163B232}
		{0A5E11F6-02FC-4244-90C2-888209506694} = {DFF0464B-5402-4DD6-86F5-2AEC1163B232}
		{31BCFB0E-8930-49DE-9587-DA83B3968CFB} = {DFF0464B-5402-4DD6-86F5-2AEC1163B232}
		{C149BD62-6156-4E22-BEAE-4555AA3309BF} = {DFF0464B-5402-4DD6-86F5-2AEC1163B232}
		{4A55471D-828C-4D36-9264-DE1CECA41925} = {DFF0464B-5402-4DD6-86F5-2AEC1163B232}
		{A0C3E133-24AB-5EBA-EFB6-2C77C99EFB74} = {DFF0464B-5402-4DD6-86F5-2AEC1163B232}
		{ABDD093F-C805-EBFF-E23B-793B48CB125E} = {DFF0464B-5402-4DD6-86F5-2AEC1163B232}
		{2AF03BDC-80CB-2DEB-870E-8831287125ED} = {DFF0464B-5402-4DD6-86F5-2AEC1163B232}
		{F9F8C3A5-589C-2A98-D380-D183F5F8C3F6} = {DFF0464B-5402-4DD6-86F5-2AEC1163B232}
		{EF8BEE7C-00A5-8387-4169-F97DA8B44B98} = {DFF0464B-5402-4DD6-86F5-2AEC1163B232}
		{B1928305-050E-8158-272C-BC96286D4869} = {DFF0464B-5402-4DD6-86F5-2AEC1163B232}
		{491FAA96-7D1D-ACA7-9BAF-4DFEF42063C3} = {DFF0464B-5402-4DD6-86F5-2AEC1163B232}
		{B2EB6834-13F2-2125-05B1-1084BCBC7BDA} = {DFF0464B-5402-4DD6-86F5-2AEC1163B232}
	EndGlobalSection
	GlobalSection(ExtensibilityGlobals) = postSolution
		SolutionGuid = {5A1CB38E-F77D-4A40-B3A9-9A70C3F3BC6D}
	EndGlobalSection
EndGlobal
